
Microsoft Visual Studio Solution File, Format Version 12.00
# Visual Studio 15
VisualStudioVersion = 15.0.27130.2036
MinimumVisualStudioVersion = 10.0.40219.1
Project("{9A19103F-16F7-4668-BE54-9A1E7A4F7556}") = "WebUI", "WebUI\WebUI.csproj", "{ECB75E90-DFAD-467C-83D8-42882493325B}"
EndProject
Project("{9A19103F-16F7-4668-BE54-9A1E7A4F7556}") = "BLL", "BLL\BLL.csproj", "{FAAB423E-2EA2-4568-B5BE-F99DFF3DFB97}"
EndProject
Project("{00D1A9C2-B5F0-4AF3-8072-F6C62B433612}") = "MedicalApp.DB", "MedicalApp.DB\MedicalApp.DB.sqlproj", "{DD1CF89F-DF2B-469B-97A0-EC61E7D2DBCF}"
EndProject
Project("{9A19103F-16F7-4668-BE54-9A1E7A4F7556}") = "DataAccessLayer", "DataAccessLayer\DataAccessLayer.csproj", "{C1E110C0-4881-4A54-9403-64E569696D8C}"
EndProject
Project("{9A19103F-16F7-4668-BE54-9A1E7A4F7556}") = "Common", "Common\Common.csproj", "{CAA66527-B902-4F7A-A4FB-CCA5B0BD0CFB}"
EndProject
Project("{9A19103F-16F7-4668-BE54-9A1E7A4F7556}") = "BLL.UnitTests", "BLL.UnitTests\BLL.UnitTests.csproj", "{5140DEA4-80B7-44AE-97C0-1A60FA40AD55}"
EndProject
Project("{FAE04EC0-301F-11D3-BF4B-00C04F79EFBC}") = "Common.UnitTests", "Common.UnitTests\Common.UnitTests.csproj", "{4CF0D6B6-FB64-4318-B713-912C6801628C}"
EndProject
Global
	GlobalSection(SolutionConfigurationPlatforms) = preSolution
		Debug|Any CPU = Debug|Any CPU
		Release|Any CPU = Release|Any CPU
	EndGlobalSection
	GlobalSection(ProjectConfigurationPlatforms) = postSolution
		{ECB75E90-DFAD-467C-83D8-42882493325B}.Debug|Any CPU.ActiveCfg = Debug|Any CPU
		{ECB75E90-DFAD-467C-83D8-42882493325B}.Debug|Any CPU.Build.0 = Debug|Any CPU
		{ECB75E90-DFAD-467C-83D8-42882493325B}.Release|Any CPU.ActiveCfg = Release|Any CPU
		{ECB75E90-DFAD-467C-83D8-42882493325B}.Release|Any CPU.Build.0 = Release|Any CPU
		{FAAB423E-2EA2-4568-B5BE-F99DFF3DFB97}.Debug|Any CPU.ActiveCfg = Debug|Any CPU
		{FAAB423E-2EA2-4568-B5BE-F99DFF3DFB97}.Debug|Any CPU.Build.0 = Debug|Any CPU
		{FAAB423E-2EA2-4568-B5BE-F99DFF3DFB97}.Release|Any CPU.ActiveCfg = Release|Any CPU
		{FAAB423E-2EA2-4568-B5BE-F99DFF3DFB97}.Release|Any CPU.Build.0 = Release|Any CPU
		{DD1CF89F-DF2B-469B-97A0-EC61E7D2DBCF}.Debug|Any CPU.ActiveCfg = Debug|Any CPU
		{DD1CF89F-DF2B-469B-97A0-EC61E7D2DBCF}.Release|Any CPU.ActiveCfg = Release|Any CPU
		{DD1CF89F-DF2B-469B-97A0-EC61E7D2DBCF}.Release|Any CPU.Build.0 = Release|Any CPU
		{DD1CF89F-DF2B-469B-97A0-EC61E7D2DBCF}.Release|Any CPU.Deploy.0 = Release|Any CPU
		{C1E110C0-4881-4A54-9403-64E569696D8C}.Debug|Any CPU.ActiveCfg = Debug|Any CPU
		{C1E110C0-4881-4A54-9403-64E569696D8C}.Debug|Any CPU.Build.0 = Debug|Any CPU
		{C1E110C0-4881-4A54-9403-64E569696D8C}.Release|Any CPU.ActiveCfg = Release|Any CPU
		{C1E110C0-4881-4A54-9403-64E569696D8C}.Release|Any CPU.Build.0 = Release|Any CPU
		{CAA66527-B902-4F7A-A4FB-CCA5B0BD0CFB}.Debug|Any CPU.ActiveCfg = Debug|Any CPU
		{CAA66527-B902-4F7A-A4FB-CCA5B0BD0CFB}.Debug|Any CPU.Build.0 = Debug|Any CPU
		{CAA66527-B902-4F7A-A4FB-CCA5B0BD0CFB}.Release|Any CPU.ActiveCfg = Release|Any CPU
		{CAA66527-B902-4F7A-A4FB-CCA5B0BD0CFB}.Release|Any CPU.Build.0 = Release|Any CPU
		{5140DEA4-80B7-44AE-97C0-1A60FA40AD55}.Debug|Any CPU.ActiveCfg = Debug|Any CPU
		{5140DEA4-80B7-44AE-97C0-1A60FA40AD55}.Debug|Any CPU.Build.0 = Debug|Any CPU
		{5140DEA4-80B7-44AE-97C0-1A60FA40AD55}.Release|Any CPU.ActiveCfg = Release|Any CPU
		{5140DEA4-80B7-44AE-97C0-1A60FA40AD55}.Release|Any CPU.Build.0 = Release|Any CPU
		{4CF0D6B6-FB64-4318-B713-912C6801628C}.Debug|Any CPU.ActiveCfg = Debug|Any CPU
		{4CF0D6B6-FB64-4318-B713-912C6801628C}.Debug|Any CPU.Build.0 = Debug|Any CPU
		{4CF0D6B6-FB64-4318-B713-912C6801628C}.Release|Any CPU.ActiveCfg = Release|Any CPU
		{4CF0D6B6-FB64-4318-B713-912C6801628C}.Release|Any CPU.Build.0 = Release|Any CPU
	EndGlobalSection
	GlobalSection(SolutionProperties) = preSolution
		HideSolutionNode = FALSE
	EndGlobalSection
	GlobalSection(ExtensibilityGlobals) = postSolution
		SolutionGuid = {2EAF34DF-0FCC-4A96-86E5-0710550352E6}
	EndGlobalSection
EndGlobal
